
Microsoft Visual Studio Solution File, Format Version 12.00
# Visual Studio Version 17
VisualStudioVersion = 17.14.36221.1 d17.14
MinimumVisualStudioVersion = 10.0.40219.1
Project("{FAE04EC0-301F-11D3-BF4B-00C04F79EFBC}") = "MiAllScaleTools", "MiAllScaleTools\MiAllScaleTools.csproj", "{F142905C-4DBA-4030-9FA5-D402C3ACD24D}"
EndProject
Global
	GlobalSection(SolutionConfigurationPlatforms) = preSolution
		Debug|Any CPU = Debug|Any CPU
		Release|Any CPU = Release|Any CPU
	EndGlobalSection
	GlobalSection(ProjectConfigurationPlatforms) = postSolution
		{F142905C-4DBA-4030-9FA5-D402C3ACD24D}.Debug|Any CPU.ActiveCfg = Debug|Any CPU
		{F142905C-4DBA-4030-9FA5-D402C3ACD24D}.Debug|Any CPU.Build.0 = Debug|Any CPU
		{F142905C-4DBA-4030-9FA5-D402C3ACD24D}.Release|Any CPU.ActiveCfg = Release|Any CPU
		{F142905C-4DBA-4030-9FA5-D402C3ACD24D}.Release|Any CPU.Build.0 = Release|Any CPU
	EndGlobalSection
	GlobalSection(SolutionProperties) = preSolution
		HideSolutionNode = FALSE
	EndGlobalSection
	GlobalSection(ExtensibilityGlobals) = postSolution
		SolutionGuid = {9591202D-D093-4150-9E94-98FEC735AE51}
	EndGlobalSection
EndGlobal
